
Microsoft Visual Studio Solution File, Format Version 12.00
# Visual Studio Version 16
VisualStudioVersion = 16.0.31605.320
MinimumVisualStudioVersion = 10.0.40219.1
Project("{9A19103F-16F7-4668-BE54-9A1E7A4F7556}") = "Checkout.Api", "Checkout.Api\Checkout.Api.csproj", "{791EBAF4-6C47-4C40-87A9-6D8B7A7D98F8}"
EndProject
Project("{9A19103F-16F7-4668-BE54-9A1E7A4F7556}") = "Checkout.Bank", "Checkout.Bank\Checkout.Bank.csproj", "{438EB5EE-248A-4C25-B427-77FD40379791}"
EndProject
Project("{9A19103F-16F7-4668-BE54-9A1E7A4F7556}") = "Checkout.Bank.Data", "Checkout.Bank.Data\Checkout.Bank.Data.csproj", "{CA3F93B5-9DFE-4C5B-9E61-DCE64AA7AA36}"
EndProject
Project("{9A19103F-16F7-4668-BE54-9A1E7A4F7556}") = "Checkout.Bank.Tests", "Checkout.Bank.Tests\Checkout.Bank.Tests.csproj", "{8E110A21-1599-4953-B572-39744AAC9E26}"
EndProject
Project("{9A19103F-16F7-4668-BE54-9A1E7A4F7556}") = "Checkout.Services", "Checkout.Services\Checkout.Services.csproj", "{BA39E349-8749-44F3-86A1-98850F793203}"
EndProject
Project("{9A19103F-16F7-4668-BE54-9A1E7A4F7556}") = "Checkout.Models", "Checkout.Models\Checkout.Models.csproj", "{5A1C6021-37EA-43A2-AE0C-66591D74251B}"
EndProject
Project("{9A19103F-16F7-4668-BE54-9A1E7A4F7556}") = "Checkout.Api.Tests", "Checkout.Api.Tests\Checkout.Api.Tests.csproj", "{7C9E05C4-D461-4FF5-BA88-959DE17D3191}"
EndProject
Project("{FAE04EC0-301F-11D3-BF4B-00C04F79EFBC}") = "Checkout.Services.Tests", "Checkout.Services.Tests\Checkout.Services.Tests.csproj", "{58EC08E6-7DBA-47D9-87B1-5A5E8CA8C82A}"
EndProject
Global
	GlobalSection(SolutionConfigurationPlatforms) = preSolution
		Debug|Any CPU = Debug|Any CPU
		Release|Any CPU = Release|Any CPU
	EndGlobalSection
	GlobalSection(ProjectConfigurationPlatforms) = postSolution
		{791EBAF4-6C47-4C40-87A9-6D8B7A7D98F8}.Debug|Any CPU.ActiveCfg = Debug|Any CPU
		{791EBAF4-6C47-4C40-87A9-6D8B7A7D98F8}.Debug|Any CPU.Build.0 = Debug|Any CPU
		{791EBAF4-6C47-4C40-87A9-6D8B7A7D98F8}.Release|Any CPU.ActiveCfg = Release|Any CPU
		{791EBAF4-6C47-4C40-87A9-6D8B7A7D98F8}.Release|Any CPU.Build.0 = Release|Any CPU
		{438EB5EE-248A-4C25-B427-77FD40379791}.Debug|Any CPU.ActiveCfg = Debug|Any CPU
		{438EB5EE-248A-4C25-B427-77FD40379791}.Debug|Any CPU.Build.0 = Debug|Any CPU
		{438EB5EE-248A-4C25-B427-77FD40379791}.Release|Any CPU.ActiveCfg = Release|Any CPU
		{438EB5EE-248A-4C25-B427-77FD40379791}.Release|Any CPU.Build.0 = Release|Any CPU
		{CA3F93B5-9DFE-4C5B-9E61-DCE64AA7AA36}.Debug|Any CPU.ActiveCfg = Debug|Any CPU
		{CA3F93B5-9DFE-4C5B-9E61-DCE64AA7AA36}.Debug|Any CPU.Build.0 = Debug|Any CPU
		{CA3F93B5-9DFE-4C5B-9E61-DCE64AA7AA36}.Release|Any CPU.ActiveCfg = Release|Any CPU
		{CA3F93B5-9DFE-4C5B-9E61-DCE64AA7AA36}.Release|Any CPU.Build.0 = Release|Any CPU
		{8E110A21-1599-4953-B572-39744AAC9E26}.Debug|Any CPU.ActiveCfg = Debug|Any CPU
		{8E110A21-1599-4953-B572-39744AAC9E26}.Debug|Any CPU.Build.0 = Debug|Any CPU
		{8E110A21-1599-4953-B572-39744AAC9E26}.Release|Any CPU.ActiveCfg = Release|Any CPU
		{8E110A21-1599-4953-B572-39744AAC9E26}.Release|Any CPU.Build.0 = Release|Any CPU
		{BA39E349-8749-44F3-86A1-98850F793203}.Debug|Any CPU.ActiveCfg = Debug|Any CPU
		{BA39E349-8749-44F3-86A1-98850F793203}.Debug|Any CPU.Build.0 = Debug|Any CPU
		{BA39E349-8749-44F3-86A1-98850F793203}.Release|Any CPU.ActiveCfg = Release|Any CPU
		{BA39E349-8749-44F3-86A1-98850F793203}.Release|Any CPU.Build.0 = Release|Any CPU
		{5A1C6021-37EA-43A2-AE0C-66591D74251B}.Debug|Any CPU.ActiveCfg = Debug|Any CPU
		{5A1C6021-37EA-43A2-AE0C-66591D74251B}.Debug|Any CPU.Build.0 = Debug|Any CPU
		{5A1C6021-37EA-43A2-AE0C-66591D74251B}.Release|Any CPU.ActiveCfg = Release|Any CPU
		{5A1C6021-37EA-43A2-AE0C-66591D74251B}.Release|Any CPU.Build.0 = Release|Any CPU
		{7C9E05C4-D461-4FF5-BA88-959DE17D3191}.Debug|Any CPU.ActiveCfg = Debug|Any CPU
		{7C9E05C4-D461-4FF5-BA88-959DE17D3191}.Debug|Any CPU.Build.0 = Debug|Any CPU
		{7C9E05C4-D461-4FF5-BA88-959DE17D3191}.Release|Any CPU.ActiveCfg = Release|Any CPU
		{7C9E05C4-D461-4FF5-BA88-959DE17D3191}.Release|Any CPU.Build.0 = Release|Any CPU
		{58EC08E6-7DBA-47D9-87B1-5A5E8CA8C82A}.Debug|Any CPU.ActiveCfg = Debug|Any CPU
		{58EC08E6-7DBA-47D9-87B1-5A5E8CA8C82A}.Debug|Any CPU.Build.0 = Debug|Any CPU
		{58EC08E6-7DBA-47D9-87B1-5A5E8CA8C82A}.Release|Any CPU.ActiveCfg = Release|Any CPU
		{58EC08E6-7DBA-47D9-87B1-5A5E8CA8C82A}.Release|Any CPU.Build.0 = Release|Any CPU
	EndGlobalSection
	GlobalSection(SolutionProperties) = preSolution
		HideSolutionNode = FALSE
	EndGlobalSection
	GlobalSection(ExtensibilityGlobals) = postSolution
		SolutionGuid = {BD366AB6-0477-49FA-AF68-803548145A56}
	EndGlobalSection
EndGlobal
